
Microsoft Visual Studio Solution File, Format Version 12.00
# Visual Studio 15
VisualStudioVersion = 15.0.27703.2026
MinimumVisualStudioVersion = 10.0.40219.1
Project("{FAE04EC0-301F-11D3-BF4B-00C04F79EFBC}") = "LeadTracking.Domain.Models", "LeadTracking.Domain.Models\LeadTracking.Domain.Models.csproj", "{EDCDAF65-D03F-411C-AAD8-3F4A1208B630}"
EndProject
Project("{FAE04EC0-301F-11D3-BF4B-00C04F79EFBC}") = "LeadTracking.Acceptance.Tests", "LeadTracking.Acceptance.Tests\LeadTracking.Acceptance.Tests.csproj", "{9CFC239B-2637-478C-90A5-994EC4C794B4}"
EndProject
Project("{FAE04EC0-301F-11D3-BF4B-00C04F79EFBC}") = "LeadTracking.Core", "LeadTracking.Core\LeadTracking.Core.csproj", "{9E3774FE-DB80-434F-A5EC-9076092B5EEB}"
EndProject
Project("{FAE04EC0-301F-11D3-BF4B-00C04F79EFBC}") = "LeadTracking.Data", "LeadTracking.Data\LeadTracking.Data.csproj", "{244187A0-39B1-464F-AC85-F5B9032FC151}"
EndProject
Project("{FAE04EC0-301F-11D3-BF4B-00C04F79EFBC}") = "LeadTracking.Tests.Core", "LeadTracking.Tests.Core\LeadTracking.Tests.Core.csproj", "{4DE254ED-7207-488D-8900-83ABDBD28E25}"
EndProject
Global
	GlobalSection(SolutionConfigurationPlatforms) = preSolution
		Debug|Any CPU = Debug|Any CPU
		Release|Any CPU = Release|Any CPU
	EndGlobalSection
	GlobalSection(ProjectConfigurationPlatforms) = postSolution
		{EDCDAF65-D03F-411C-AAD8-3F4A1208B630}.Debug|Any CPU.ActiveCfg = Debug|Any CPU
		{EDCDAF65-D03F-411C-AAD8-3F4A1208B630}.Debug|Any CPU.Build.0 = Debug|Any CPU
		{EDCDAF65-D03F-411C-AAD8-3F4A1208B630}.Release|Any CPU.ActiveCfg = Release|Any CPU
		{EDCDAF65-D03F-411C-AAD8-3F4A1208B630}.Release|Any CPU.Build.0 = Release|Any CPU
		{9CFC239B-2637-478C-90A5-994EC4C794B4}.Debug|Any CPU.ActiveCfg = Debug|Any CPU
		{9CFC239B-2637-478C-90A5-994EC4C794B4}.Debug|Any CPU.Build.0 = Debug|Any CPU
		{9CFC239B-2637-478C-90A5-994EC4C794B4}.Release|Any CPU.ActiveCfg = Release|Any CPU
		{9CFC239B-2637-478C-90A5-994EC4C794B4}.Release|Any CPU.Build.0 = Release|Any CPU
		{9E3774FE-DB80-434F-A5EC-9076092B5EEB}.Debug|Any CPU.ActiveCfg = Debug|Any CPU
		{9E3774FE-DB80-434F-A5EC-9076092B5EEB}.Debug|Any CPU.Build.0 = Debug|Any CPU
		{9E3774FE-DB80-434F-A5EC-9076092B5EEB}.Release|Any CPU.ActiveCfg = Release|Any CPU
		{9E3774FE-DB80-434F-A5EC-9076092B5EEB}.Release|Any CPU.Build.0 = Release|Any CPU
		{244187A0-39B1-464F-AC85-F5B9032FC151}.Debug|Any CPU.ActiveCfg = Debug|Any CPU
		{244187A0-39B1-464F-AC85-F5B9032FC151}.Debug|Any CPU.Build.0 = Debug|Any CPU
		{244187A0-39B1-464F-AC85-F5B9032FC151}.Release|Any CPU.ActiveCfg = Release|Any CPU
		{244187A0-39B1-464F-AC85-F5B9032FC151}.Release|Any CPU.Build.0 = Release|Any CPU
		{4DE254ED-7207-488D-8900-83ABDBD28E25}.Debug|Any CPU.ActiveCfg = Debug|Any CPU
		{4DE254ED-7207-488D-8900-83ABDBD28E25}.Debug|Any CPU.Build.0 = Debug|Any CPU
		{4DE254ED-7207-488D-8900-83ABDBD28E25}.Release|Any CPU.ActiveCfg = Release|Any CPU
		{4DE254ED-7207-488D-8900-83ABDBD28E25}.Release|Any CPU.Build.0 = Release|Any CPU
	EndGlobalSection
	GlobalSection(SolutionProperties) = preSolution
		HideSolutionNode = FALSE
	EndGlobalSection
	GlobalSection(ExtensibilityGlobals) = postSolution
		SolutionGuid = {1F78E2EA-710C-4CA6-8140-BC308B74EA89}
	EndGlobalSection
EndGlobal
